
Microsoft Visual Studio Solution File, Format Version 12.00
# Visual Studio Version 17
VisualStudioVersion = 17.14.36408.4 d17.14
MinimumVisualStudioVersion = 10.0.40219.1
Project("{FAE04EC0-301F-11D3-BF4B-00C04F79EFBC}") = "FullStackRestaurant", "FullStackRestaurant.csproj", "{06367C7F-705D-43E0-928C-538E725C533A}"
EndProject
Global
	GlobalSection(SolutionConfigurationPlatforms) = preSolution
		Debug|Any CPU = Debug|Any CPU
		Release|Any CPU = Release|Any CPU
	EndGlobalSection
	GlobalSection(ProjectConfigurationPlatforms) = postSolution
		{06367C7F-705D-43E0-928C-538E725C533A}.Debug|Any CPU.ActiveCfg = Debug|Any CPU
		{06367C7F-705D-43E0-928C-538E725C533A}.Debug|Any CPU.Build.0 = Debug|Any CPU
		{06367C7F-705D-43E0-928C-538E725C533A}.Release|Any CPU.ActiveCfg = Release|Any CPU
		{06367C7F-705D-43E0-928C-538E725C533A}.Release|Any CPU.Build.0 = Release|Any CPU
	EndGlobalSection
	GlobalSection(SolutionProperties) = preSolution
		HideSolutionNode = FALSE
	EndGlobalSection
	GlobalSection(ExtensibilityGlobals) = postSolution
		SolutionGuid = {5B0DAC27-D5C6-48D8-AADF-1EDB9F3729F2}
	EndGlobalSection
EndGlobal
